# THIS IS AN AUTOGENERATED FILE. DO NOT EDIT THIS FILE DIRECTLY.
# yarn lockfile v1


"2d-array-rotation@^2.1.1":
  version "2.1.1"
  resolved "https://registry.yarnpkg.com/2d-array-rotation/-/2d-array-rotation-2.1.1.tgz#6d40cba6ffc6a8a497c4997c4f3ba85070c8b234"
  integrity sha512-rJ8rp+8uzHzkbHwV1mgMxdZCGwtg91+QL77gD6PZUr2YXO2VbVcsd2zxxeAsC4Bvv9I0A4OrUOwgj89iSN0RHQ==
